// !$*UTF8*$!
{
	archiveVersion = 1;
	classes = {
	};
	objectVersion = 55;
	objects = {

/* Begin PBXBuildFile section */
		AF808170297275EE00563426 /* AppDelegate.swift in Sources */ = {isa = PBXBuildFile; fileRef = AF80816F297275EE00563426 /* AppDelegate.swift */; };
		AF808172297275EE00563426 /* SceneDelegate.swift in Sources */ = {isa = PBXBuildFile; fileRef = AF808171297275EE00563426 /* SceneDelegate.swift */; };
		AF808174297275EE00563426 /* ViewController.swift in Sources */ = {isa = PBXBuildFile; fileRef = AF808173297275EE00563426 /* ViewController.swift */; };
		AF808177297275EE00563426 /* Main.storyboard in Resources */ = {isa = PBXBuildFile; fileRef = AF808175297275EE00563426 /* Main.storyboard */; };
		AF808179297275EF00563426 /* Assets.xcassets in Resources */ = {isa = PBXBuildFile; fileRef = AF808178297275EF00563426 /* Assets.xcassets */; };
		AF80817C297275EF00563426 /* LaunchScreen.storyboard in Resources */ = {isa = PBXBuildFile; fileRef = AF80817A297275EF00563426 /* LaunchScreen.storyboard */; };
		AF808187297275EF00563426 /* ContactsDemoTests.swift in Sources */ = {isa = PBXBuildFile; fileRef = AF808186297275EF00563426 /* ContactsDemoTests.swift */; };
		AF808191297275EF00563426 /* ContactsDemoUITests.swift in Sources */ = {isa = PBXBuildFile; fileRef = AF808190297275EF00563426 /* ContactsDemoUITests.swift */; };
		AF808193297275EF00563426 /* ContactsDemoUITestsLaunchTests.swift in Sources */ = {isa = PBXBuildFile; fileRef = AF808192297275EF00563426 /* ContactsDemoUITestsLaunchTests.swift */; };
		AF8081A02972772D00563426 /* ContactCell.xib in Resources */ = {isa = PBXBuildFile; fileRef = AF80819F2972772D00563426 /* ContactCell.xib */; };
		AF8081A22972781E00563426 /* ContactCell.swift in Sources */ = {isa = PBXBuildFile; fileRef = AF8081A12972781E00563426 /* ContactCell.swift */; };
		AF8081A9297282D200563426 /* Constants.swift in Sources */ = {isa = PBXBuildFile; fileRef = AF8081A8297282D200563426 /* Constants.swift */; };
		AF8081AC29747FAC00563426 /* DataModel.xcdatamodeld in Sources */ = {isa = PBXBuildFile; fileRef = AF8081AA29747FAC00563426 /* DataModel.xcdatamodeld */; };
		AF8081B12974F4B000563426 /* DuplicatesFoundView.xib in Resources */ = {isa = PBXBuildFile; fileRef = AF8081B02974F4B000563426 /* DuplicatesFoundView.xib */; };
		AF8081B32974F55D00563426 /* DuplicatesFoundView.swift in Sources */ = {isa = PBXBuildFile; fileRef = AF8081B22974F55D00563426 /* DuplicatesFoundView.swift */; };
		AF8081B729750B8100563426 /* ContactDetailsViewController.swift in Sources */ = {isa = PBXBuildFile; fileRef = AF8081B629750B8100563426 /* ContactDetailsViewController.swift */; };
		AFE5AC05297666C800124B57 /* EditContactViewController.swift in Sources */ = {isa = PBXBuildFile; fileRef = AFE5AC04297666C800124B57 /* EditContactViewController.swift */; };
		AFE5AC072976729900124B57 /* SelectedContact.swift in Sources */ = {isa = PBXBuildFile; fileRef = AFE5AC062976729900124B57 /* SelectedContact.swift */; };
		AFE5AC0A29775D1900124B57 /* DuplicateFoundCell.xib in Resources */ = {isa = PBXBuildFile; fileRef = AFE5AC0929775D1900124B57 /* DuplicateFoundCell.xib */; };
		AFE5AC0C29775D6200124B57 /* DuplicateFoundCell.swift in Sources */ = {isa = PBXBuildFile; fileRef = AFE5AC0B29775D6200124B57 /* DuplicateFoundCell.swift */; };
		AFE5AC0E2977844A00124B57 /* MergeDuplicatesViewController.swift in Sources */ = {isa = PBXBuildFile; fileRef = AFE5AC0D2977844A00124B57 /* MergeDuplicatesViewController.swift */; };
		AFFAD5B129761ACA00637B07 /* DuplicatesFoundViewController.swift in Sources */ = {isa = PBXBuildFile; fileRef = AFFAD5B029761ACA00637B07 /* DuplicatesFoundViewController.swift */; };
		E84AAC02E9DD720A83BFB049 /* Pods_ContactsDemo.framework in Frameworks */ = {isa = PBXBuildFile; fileRef = 569C40AF33730C726DBFCC0A /* Pods_ContactsDemo.framework */; };
/* End PBXBuildFile section */

/* Begin PBXContainerItemProxy section */
		AF808183297275EF00563426 /* PBXContainerItemProxy */ = {
			isa = PBXContainerItemProxy;
			containerPortal = AF808164297275EE00563426 /* Project object */;
			proxyType = 1;
			remoteGlobalIDString = AF80816B297275EE00563426;
			remoteInfo = ContactsDemo;
		};
		AF80818D297275EF00563426 /* PBXContainerItemProxy */ = {
			isa = PBXContainerItemProxy;
			containerPortal = AF808164297275EE00563426 /* Project object */;
			proxyType = 1;
			remoteGlobalIDString = AF80816B297275EE00563426;
			remoteInfo = ContactsDemo;
		};
/* End PBXContainerItemProxy section */

/* Begin PBXFileReference section */
		569C40AF33730C726DBFCC0A /* Pods_ContactsDemo.framework */ = {isa = PBXFileReference; explicitFileType = wrapper.framework; includeInIndex = 0; path = Pods_ContactsDemo.framework; sourceTree = BUILT_PRODUCTS_DIR; };
		63060DC22FEAA4DB94824C82 /* Pods-ContactsDemo.release.xcconfig */ = {isa = PBXFileReference; includeInIndex = 1; lastKnownFileType = text.xcconfig; name = "Pods-ContactsDemo.release.xcconfig"; path = "Target Support Files/Pods-ContactsDemo/Pods-ContactsDemo.release.xcconfig"; sourceTree = "<group>"; };
		AF80816C297275EE00563426 /* ContactsDemo.app */ = {isa = PBXFileReference; explicitFileType = wrapper.application; includeInIndex = 0; path = ContactsDemo.app; sourceTree = BUILT_PRODUCTS_DIR; };
		AF80816F297275EE00563426 /* AppDelegate.swift */ = {isa = PBXFileReference; lastKnownFileType = sourcecode.swift; path = AppDelegate.swift; sourceTree = "<group>"; };
		AF808171297275EE00563426 /* SceneDelegate.swift */ = {isa = PBXFileReference; lastKnownFileType = sourcecode.swift; path = SceneDelegate.swift; sourceTree = "<group>"; };
		AF808173297275EE00563426 /* ViewController.swift */ = {isa = PBXFileReference; lastKnownFileType = sourcecode.swift; path = ViewController.swift; sourceTree = "<group>"; };
		AF808176297275EE00563426 /* Base */ = {isa = PBXFileReference; lastKnownFileType = file.storyboard; name = Base; path = Base.lproj/Main.storyboard; sourceTree = "<group>"; };
		AF808178297275EF00563426 /* Assets.xcassets */ = {isa = PBXFileReference; lastKnownFileType = folder.assetcatalog; path = Assets.xcassets; sourceTree = "<group>"; };
		AF80817B297275EF00563426 /* Base */ = {isa = PBXFileReference; lastKnownFileType = file.storyboard; name = Base; path = Base.lproj/LaunchScreen.storyboard; sourceTree = "<group>"; };
		AF80817D297275EF00563426 /* Info.plist */ = {isa = PBXFileReference; lastKnownFileType = text.plist.xml; path = Info.plist; sourceTree = "<group>"; };
		AF808182297275EF00563426 /* ContactsDemoTests.xctest */ = {isa = PBXFileReference; explicitFileType = wrapper.cfbundle; includeInIndex = 0; path = ContactsDemoTests.xctest; sourceTree = BUILT_PRODUCTS_DIR; };
		AF808186297275EF00563426 /* ContactsDemoTests.swift */ = {isa = PBXFileReference; lastKnownFileType = sourcecode.swift; path = ContactsDemoTests.swift; sourceTree = "<group>"; };
		AF80818C297275EF00563426 /* ContactsDemoUITests.xctest */ = {isa = PBXFileReference; explicitFileType = wrapper.cfbundle; includeInIndex = 0; path = ContactsDemoUITests.xctest; sourceTree = BUILT_PRODUCTS_DIR; };
		AF808190297275EF00563426 /* ContactsDemoUITests.swift */ = {isa = PBXFileReference; lastKnownFileType = sourcecode.swift; path = ContactsDemoUITests.swift; sourceTree = "<group>"; };
		AF808192297275EF00563426 /* ContactsDemoUITestsLaunchTests.swift */ = {isa = PBXFileReference; lastKnownFileType = sourcecode.swift; path = ContactsDemoUITestsLaunchTests.swift; sourceTree = "<group>"; };
		AF80819F2972772D00563426 /* ContactCell.xib */ = {isa = PBXFileReference; lastKnownFileType = file.xib; path = ContactCell.xib; sourceTree = "<group>"; };
		AF8081A12972781E00563426 /* ContactCell.swift */ = {isa = PBXFileReference; lastKnownFileType = sourcecode.swift; path = ContactCell.swift; sourceTree = "<group>"; };
		AF8081A8297282D200563426 /* Constants.swift */ = {isa = PBXFileReference; lastKnownFileType = sourcecode.swift; path = Constants.swift; sourceTree = "<group>"; };
		AF8081AB29747FAC00563426 /* DataModel.xcdatamodel */ = {isa = PBXFileReference; lastKnownFileType = wrapper.xcdatamodel; path = DataModel.xcdatamodel; sourceTree = "<group>"; };
		AF8081B02974F4B000563426 /* DuplicatesFoundView.xib */ = {isa = PBXFileReference; lastKnownFileType = file.xib; path = DuplicatesFoundView.xib; sourceTree = "<group>"; };
		AF8081B22974F55D00563426 /* DuplicatesFoundView.swift */ = {isa = PBXFileReference; lastKnownFileType = sourcecode.swift; path = DuplicatesFoundView.swift; sourceTree = "<group>"; };
		AF8081B629750B8100563426 /* ContactDetailsViewController.swift */ = {isa = PBXFileReference; lastKnownFileType = sourcecode.swift; path = ContactDetailsViewController.swift; sourceTree = "<group>"; };
		AFE5AC04297666C800124B57 /* EditContactViewController.swift */ = {isa = PBXFileReference; lastKnownFileType = sourcecode.swift; path = EditContactViewController.swift; sourceTree = "<group>"; };
		AFE5AC062976729900124B57 /* SelectedContact.swift */ = {isa = PBXFileReference; lastKnownFileType = sourcecode.swift; path = SelectedContact.swift; sourceTree = "<group>"; };
		AFE5AC0929775D1900124B57 /* DuplicateFoundCell.xib */ = {isa = PBXFileReference; lastKnownFileType = file.xib; path = DuplicateFoundCell.xib; sourceTree = "<group>"; };
		AFE5AC0B29775D6200124B57 /* DuplicateFoundCell.swift */ = {isa = PBXFileReference; lastKnownFileType = sourcecode.swift; path = DuplicateFoundCell.swift; sourceTree = "<group>"; };
		AFE5AC0D2977844A00124B57 /* MergeDuplicatesViewController.swift */ = {isa = PBXFileReference; lastKnownFileType = sourcecode.swift; path = MergeDuplicatesViewController.swift; sourceTree = "<group>"; };
		AFFAD5B029761ACA00637B07 /* DuplicatesFoundViewController.swift */ = {isa = PBXFileReference; lastKnownFileType = sourcecode.swift; path = DuplicatesFoundViewController.swift; sourceTree = "<group>"; };
		D18FD67414503FF3EB05A4DF /* Pods-ContactsDemo.debug.xcconfig */ = {isa = PBXFileReference; includeInIndex = 1; lastKnownFileType = text.xcconfig; name = "Pods-ContactsDemo.debug.xcconfig"; path = "Target Support Files/Pods-ContactsDemo/Pods-ContactsDemo.debug.xcconfig"; sourceTree = "<group>"; };
/* End PBXFileReference section */

/* Begin PBXFrameworksBuildPhase section */
		AF808169297275EE00563426 /* Frameworks */ = {
			isa = PBXFrameworksBuildPhase;
			buildActionMask = 2147483647;
			files = (
				E84AAC02E9DD720A83BFB049 /* Pods_ContactsDemo.framework in Frameworks */,
			);
			runOnlyForDeploymentPostprocessing = 0;
		};
		AF80817F297275EF00563426 /* Frameworks */ = {
			isa = PBXFrameworksBuildPhase;
			buildActionMask = 2147483647;
			files = (
			);
			runOnlyForDeploymentPostprocessing = 0;
		};
		AF808189297275EF00563426 /* Frameworks */ = {
			isa = PBXFrameworksBuildPhase;
			buildActionMask = 2147483647;
			files = (
			);
			runOnlyForDeploymentPostprocessing = 0;
		};
/* End PBXFrameworksBuildPhase section */

/* Begin PBXGroup section */
		5C565EB301E5E081BA9FFF71 /* Pods */ = {
			isa = PBXGroup;
			children = (
				D18FD67414503FF3EB05A4DF /* Pods-ContactsDemo.debug.xcconfig */,
				63060DC22FEAA4DB94824C82 /* Pods-ContactsDemo.release.xcconfig */,
			);
			path = Pods;
			sourceTree = "<group>";
		};
		AF808163297275EE00563426 = {
			isa = PBXGroup;
			children = (
				AF80816E297275EE00563426 /* ContactsDemo */,
				AF808185297275EF00563426 /* ContactsDemoTests */,
				AF80818F297275EF00563426 /* ContactsDemoUITests */,
				AF80816D297275EE00563426 /* Products */,
				E6C50307D2678C1C63F281B7 /* Frameworks */,
				5C565EB301E5E081BA9FFF71 /* Pods */,
			);
			sourceTree = "<group>";
		};
		AF80816D297275EE00563426 /* Products */ = {
			isa = PBXGroup;
			children = (
				AF80816C297275EE00563426 /* ContactsDemo.app */,
				AF808182297275EF00563426 /* ContactsDemoTests.xctest */,
				AF80818C297275EF00563426 /* ContactsDemoUITests.xctest */,
			);
			name = Products;
			sourceTree = "<group>";
		};
		AF80816E297275EE00563426 /* ContactsDemo */ = {
			isa = PBXGroup;
			children = (
				AF80816F297275EE00563426 /* AppDelegate.swift */,
				AF8081A32972782300563426 /* Model */,
				AF8081A42972782900563426 /* View */,
				AF8081A52972783A00563426 /* Controller */,
				AF8081AD2974D68800563426 /* SupportingFiles */,
				AF80817D297275EF00563426 /* Info.plist */,
			);
			path = ContactsDemo;
			sourceTree = "<group>";
		};
		AF808185297275EF00563426 /* ContactsDemoTests */ = {
			isa = PBXGroup;
			children = (
				AF808186297275EF00563426 /* ContactsDemoTests.swift */,
			);
			path = ContactsDemoTests;
			sourceTree = "<group>";
		};
		AF80818F297275EF00563426 /* ContactsDemoUITests */ = {
			isa = PBXGroup;
			children = (
				AF808190297275EF00563426 /* ContactsDemoUITests.swift */,
				AF808192297275EF00563426 /* ContactsDemoUITestsLaunchTests.swift */,
			);
			path = ContactsDemoUITests;
			sourceTree = "<group>";
		};
		AF8081A32972782300563426 /* Model */ = {
			isa = PBXGroup;
			children = (
				AF8081AA29747FAC00563426 /* DataModel.xcdatamodeld */,
				AFE5AC062976729900124B57 /* SelectedContact.swift */,
			);
			path = Model;
			sourceTree = "<group>";
		};
		AF8081A42972782900563426 /* View */ = {
			isa = PBXGroup;
			children = (
				AF808175297275EE00563426 /* Main.storyboard */,
				AF8081B5297502D900563426 /* DuplicatesFoundView */,
				AF8081B4297502C800563426 /* ContactCell */,
				AFE5AC0829775CD100124B57 /* DuplicateFoundCell */,
			);
			path = View;
			sourceTree = "<group>";
		};
		AF8081A52972783A00563426 /* Controller */ = {
			isa = PBXGroup;
			children = (
				AF808173297275EE00563426 /* ViewController.swift */,
				AF8081B629750B8100563426 /* ContactDetailsViewController.swift */,
				AFE5AC04297666C800124B57 /* EditContactViewController.swift */,
				AFFAD5B029761ACA00637B07 /* DuplicatesFoundViewController.swift */,
				AFE5AC0D2977844A00124B57 /* MergeDuplicatesViewController.swift */,
			);
			path = Controller;
			sourceTree = "<group>";
		};
		AF8081AD2974D68800563426 /* SupportingFiles */ = {
			isa = PBXGroup;
			children = (
				AF8081A8297282D200563426 /* Constants.swift */,
				AF808178297275EF00563426 /* Assets.xcassets */,
				AF808171297275EE00563426 /* SceneDelegate.swift */,
				AF80817A297275EF00563426 /* LaunchScreen.storyboard */,
			);
			path = SupportingFiles;
			sourceTree = "<group>";
		};
		AF8081B4297502C800563426 /* ContactCell */ = {
			isa = PBXGroup;
			children = (
				AF80819F2972772D00563426 /* ContactCell.xib */,
				AF8081A12972781E00563426 /* ContactCell.swift */,
			);
			path = ContactCell;
			sourceTree = "<group>";
		};
		AF8081B5297502D900563426 /* DuplicatesFoundView */ = {
			isa = PBXGroup;
			children = (
				AF8081B22974F55D00563426 /* DuplicatesFoundView.swift */,
				AF8081B02974F4B000563426 /* DuplicatesFoundView.xib */,
			);
			path = DuplicatesFoundView;
			sourceTree = "<group>";
		};
		AFE5AC0829775CD100124B57 /* DuplicateFoundCell */ = {
			isa = PBXGroup;
			children = (
				AFE5AC0929775D1900124B57 /* DuplicateFoundCell.xib */,
				AFE5AC0B29775D6200124B57 /* DuplicateFoundCell.swift */,
			);
			path = DuplicateFoundCell;
			sourceTree = "<group>";
		};
		E6C50307D2678C1C63F281B7 /* Frameworks */ = {
			isa = PBXGroup;
			children = (
				569C40AF33730C726DBFCC0A /* Pods_ContactsDemo.framework */,
			);
			name = Frameworks;
			sourceTree = "<group>";
		};
/* End PBXGroup section */

/* Begin PBXNativeTarget section */
		AF80816B297275EE00563426 /* ContactsDemo */ = {
			isa = PBXNativeTarget;
			buildConfigurationList = AF808196297275EF00563426 /* Build configuration list for PBXNativeTarget "ContactsDemo" */;
			buildPhases = (
				34A138580B173A35D8089801 /* [CP] Check Pods Manifest.lock */,
				AF808168297275EE00563426 /* Sources */,
				AF808169297275EE00563426 /* Frameworks */,
				AF80816A297275EE00563426 /* Resources */,
				923385B9D7389E19419FDACA /* [CP] Embed Pods Frameworks */,
			);
			buildRules = (
			);
			dependencies = (
			);
			name = ContactsDemo;
			productName = ContactsDemo;
			productReference = AF80816C297275EE00563426 /* ContactsDemo.app */;
			productType = "com.apple.product-type.application";
		};
		AF808181297275EF00563426 /* ContactsDemoTests */ = {
			isa = PBXNativeTarget;
			buildConfigurationList = AF808199297275EF00563426 /* Build configuration list for PBXNativeTarget "ContactsDemoTests" */;
			buildPhases = (
				AF80817E297275EF00563426 /* Sources */,
				AF80817F297275EF00563426 /* Frameworks */,
				AF808180297275EF00563426 /* Resources */,
			);
			buildRules = (
			);
			dependencies = (
				AF808184297275EF00563426 /* PBXTargetDependency */,
			);
			name = ContactsDemoTests;
			productName = ContactsDemoTests;
			productReference = AF808182297275EF00563426 /* ContactsDemoTests.xctest */;
			productType = "com.apple.product-type.bundle.unit-test";
		};
		AF80818B297275EF00563426 /* ContactsDemoUITests */ = {
			isa = PBXNativeTarget;
			buildConfigurationList = AF80819C297275EF00563426 /* Build configuration list for PBXNativeTarget "ContactsDemoUITests" */;
			buildPhases = (
				AF808188297275EF00563426 /* Sources */,
				AF808189297275EF00563426 /* Frameworks */,
				AF80818A297275EF00563426 /* Resources */,
			);
			buildRules = (
			);
			dependencies = (
				AF80818E297275EF00563426 /* PBXTargetDependency */,
			);
			name = ContactsDemoUITests;
			productName = ContactsDemoUITests;
			productReference = AF80818C297275EF00563426 /* ContactsDemoUITests.xctest */;
			productType = "com.apple.product-type.bundle.ui-testing";
		};
/* End PBXNativeTarget section */

/* Begin PBXProject section */
		AF808164297275EE00563426 /* Project object */ = {
			isa = PBXProject;
			attributes = {
				BuildIndependentTargetsInParallel = 1;
				LastSwiftUpdateCheck = 1340;
				LastUpgradeCheck = 1340;
				TargetAttributes = {
					AF80816B297275EE00563426 = {
						CreatedOnToolsVersion = 13.4.1;
					};
					AF808181297275EF00563426 = {
						CreatedOnToolsVersion = 13.4.1;
						TestTargetID = AF80816B297275EE00563426;
					};
					AF80818B297275EF00563426 = {
						CreatedOnToolsVersion = 13.4.1;
						TestTargetID = AF80816B297275EE00563426;
					};
				};
			};
			buildConfigurationList = AF808167297275EE00563426 /* Build configuration list for PBXProject "ContactsDemo" */;
			compatibilityVersion = "Xcode 13.0";
			developmentRegion = en;
			hasScannedForEncodings = 0;
			knownRegions = (
				en,
				Base,
			);
			mainGroup = AF808163297275EE00563426;
			productRefGroup = AF80816D297275EE00563426 /* Products */;
			projectDirPath = "";
			projectRoot = "";
			targets = (
				AF80816B297275EE00563426 /* ContactsDemo */,
				AF808181297275EF00563426 /* ContactsDemoTests */,
				AF80818B297275EF00563426 /* ContactsDemoUITests */,
			);
		};
/* End PBXProject section */

/* Begin PBXResourcesBuildPhase section */
		AF80816A297275EE00563426 /* Resources */ = {
			isa = PBXResourcesBuildPhase;
			buildActionMask = 2147483647;
			files = (
				AF8081A02972772D00563426 /* ContactCell.xib in Resources */,
				AF80817C297275EF00563426 /* LaunchScreen.storyboard in Resources */,
				AF808179297275EF00563426 /* Assets.xcassets in Resources */,
				AF8081B12974F4B000563426 /* DuplicatesFoundView.xib in Resources */,
				AFE5AC0A29775D1900124B57 /* DuplicateFoundCell.xib in Resources */,
				AF808177297275EE00563426 /* Main.storyboard in Resources */,
			);
			runOnlyForDeploymentPostprocessing = 0;
		};
		AF808180297275EF00563426 /* Resources */ = {
			isa = PBXResourcesBuildPhase;
			buildActionMask = 2147483647;
			files = (
			);
			runOnlyForDeploymentPostprocessing = 0;
		};
		AF80818A297275EF00563426 /* Resources */ = {
			isa = PBXResourcesBuildPhase;
			buildActionMask = 2147483647;
			files = (
			);
			runOnlyForDeploymentPostprocessing = 0;
		};
/* End PBXResourcesBuildPhase section */

/* Begin PBXShellScriptBuildPhase section */
		34A138580B173A35D8089801 /* [CP] Check Pods Manifest.lock */ = {
			isa = PBXShellScriptBuildPhase;
			buildActionMask = 2147483647;
			files = (
			);
			inputFileListPaths = (
			);
			inputPaths = (
				"${PODS_PODFILE_DIR_PATH}/Podfile.lock",
				"${PODS_ROOT}/Manifest.lock",
			);
			name = "[CP] Check Pods Manifest.lock";
			outputFileListPaths = (
			);
			outputPaths = (
				"$(DERIVED_FILE_DIR)/Pods-ContactsDemo-checkManifestLockResult.txt",
			);
			runOnlyForDeploymentPostprocessing = 0;
			shellPath = /bin/sh;
			shellScript = "diff \"${PODS_PODFILE_DIR_PATH}/Podfile.lock\" \"${PODS_ROOT}/Manifest.lock\" > /dev/null\nif [ $? != 0 ] ; then\n    # print error to STDERR\n    echo \"error: The sandbox is not in sync with the Podfile.lock. Run 'pod install' or update your CocoaPods installation.\" >&2\n    exit 1\nfi\n# This output is used by Xcode 'outputs' to avoid re-running this script phase.\necho \"SUCCESS\" > \"${SCRIPT_OUTPUT_FILE_0}\"\n";
			showEnvVarsInLog = 0;
		};
		923385B9D7389E19419FDACA /* [CP] Embed Pods Frameworks */ = {
			isa = PBXShellScriptBuildPhase;
			buildActionMask = 2147483647;
			files = (
			);
			inputFileListPaths = (
				"${PODS_ROOT}/Target Support Files/Pods-ContactsDemo/Pods-ContactsDemo-frameworks-${CONFIGURATION}-input-files.xcfilelist",
			);
			name = "[CP] Embed Pods Frameworks";
			outputFileListPaths = (
				"${PODS_ROOT}/Target Support Files/Pods-ContactsDemo/Pods-ContactsDemo-frameworks-${CONFIGURATION}-output-files.xcfilelist",
			);
			runOnlyForDeploymentPostprocessing = 0;
			shellPath = /bin/sh;
			shellScript = "\"${PODS_ROOT}/Target Support Files/Pods-ContactsDemo/Pods-ContactsDemo-frameworks.sh\"\n";
			showEnvVarsInLog = 0;
		};
/* End PBXShellScriptBuildPhase section */

/* Begin PBXSourcesBuildPhase section */
		AF808168297275EE00563426 /* Sources */ = {
			isa = PBXSourcesBuildPhase;
			buildActionMask = 2147483647;
			files = (
				AFE5AC072976729900124B57 /* SelectedContact.swift in Sources */,
				AF8081A22972781E00563426 /* ContactCell.swift in Sources */,
				AF8081B32974F55D00563426 /* DuplicatesFoundView.swift in Sources */,
				AF808174297275EE00563426 /* ViewController.swift in Sources */,
				AF8081AC29747FAC00563426 /* DataModel.xcdatamodeld in Sources */,
				AF808170297275EE00563426 /* AppDelegate.swift in Sources */,
				AFE5AC05297666C800124B57 /* EditContactViewController.swift in Sources */,
				AFFAD5B129761ACA00637B07 /* DuplicatesFoundViewController.swift in Sources */,
				AF808172297275EE00563426 /* SceneDelegate.swift in Sources */,
				AF8081B729750B8100563426 /* ContactDetailsViewController.swift in Sources */,
				AFE5AC0E2977844A00124B57 /* MergeDuplicatesViewController.swift in Sources */,
				AFE5AC0C29775D6200124B57 /* DuplicateFoundCell.swift in Sources */,
				AF8081A9297282D200563426 /* Constants.swift in Sources */,
			);
			runOnlyForDeploymentPostprocessing = 0;
		};
		AF80817E297275EF00563426 /* Sources */ = {
			isa = PBXSourcesBuildPhase;
			buildActionMask = 2147483647;
			files = (
				AF808187297275EF00563426 /* ContactsDemoTests.swift in Sources */,
			);
			runOnlyForDeploymentPostprocessing = 0;
		};
		AF808188297275EF00563426 /* Sources */ = {
			isa = PBXSourcesBuildPhase;
			buildActionMask = 2147483647;
			files = (
				AF808193297275EF00563426 /* ContactsDemoUITestsLaunchTests.swift in Sources */,
				AF808191297275EF00563426 /* ContactsDemoUITests.swift in Sources */,
			);
			runOnlyForDeploymentPostprocessing = 0;
		};
/* End PBXSourcesBuildPhase section */

/* Begin PBXTargetDependency section */
		AF808184297275EF00563426 /* PBXTargetDependency */ = {
			isa = PBXTargetDependency;
			target = AF80816B297275EE00563426 /* ContactsDemo */;
			targetProxy = AF808183297275EF00563426 /* PBXContainerItemProxy */;
		};
		AF80818E297275EF00563426 /* PBXTargetDependency */ = {
			isa = PBXTargetDependency;
			target = AF80816B297275EE00563426 /* ContactsDemo */;
			targetProxy = AF80818D297275EF00563426 /* PBXContainerItemProxy */;
		};
/* End PBXTargetDependency section */

/* Begin PBXVariantGroup section */
		AF808175297275EE00563426 /* Main.storyboard */ = {
			isa = PBXVariantGroup;
			children = (
				AF808176297275EE00563426 /* Base */,
			);
			name = Main.storyboard;
			sourceTree = "<group>";
		};
		AF80817A297275EF00563426 /* LaunchScreen.storyboard */ = {
			isa = PBXVariantGroup;
			children = (
				AF80817B297275EF00563426 /* Base */,
			);
			name = LaunchScreen.storyboard;
			sourceTree = "<group>";
		};
/* End PBXVariantGroup section */

/* Begin XCBuildConfiguration section */
		AF808194297275EF00563426 /* Debug */ = {
			isa = XCBuildConfiguration;
			buildSettings = {
				ALWAYS_SEARCH_USER_PATHS = NO;
				CLANG_ANALYZER_NONNULL = YES;
				CLANG_ANALYZER_NUMBER_OBJECT_CONVERSION = YES_AGGRESSIVE;
				CLANG_CXX_LANGUAGE_STANDARD = "gnu++17";
				CLANG_ENABLE_MODULES = YES;
				CLANG_ENABLE_OBJC_ARC = YES;
				CLANG_ENABLE_OBJC_WEAK = YES;
				CLANG_WARN_BLOCK_CAPTURE_AUTORELEASING = YES;
				CLANG_WARN_BOOL_CONVERSION = YES;
				CLANG_WARN_COMMA = YES;
				CLANG_WARN_CONSTANT_CONVERSION = YES;
				CLANG_WARN_DEPRECATED_OBJC_IMPLEMENTATIONS = YES;
				CLANG_WARN_DIRECT_OBJC_ISA_USAGE = YES_ERROR;
				CLANG_WARN_DOCUMENTATION_COMMENTS = YES;
				CLANG_WARN_EMPTY_BODY = YES;
				CLANG_WARN_ENUM_CONVERSION = YES;
				CLANG_WARN_INFINITE_RECURSION = YES;
				CLANG_WARN_INT_CONVERSION = YES;
				CLANG_WARN_NON_LITERAL_NULL_CONVERSION = YES;
				CLANG_WARN_OBJC_IMPLICIT_RETAIN_SELF = YES;
				CLANG_WARN_OBJC_LITERAL_CONVERSION = YES;
				CLANG_WARN_OBJC_ROOT_CLASS = YES_ERROR;
				CLANG_WARN_QUOTED_INCLUDE_IN_FRAMEWORK_HEADER = YES;
				CLANG_WARN_RANGE_LOOP_ANALYSIS = YES;
				CLANG_WARN_STRICT_PROTOTYPES = YES;
				CLANG_WARN_SUSPICIOUS_MOVE = YES;
				CLANG_WARN_UNGUARDED_AVAILABILITY = YES_AGGRESSIVE;
				CLANG_WARN_UNREACHABLE_CODE = YES;
				CLANG_WARN__DUPLICATE_METHOD_MATCH = YES;
				COPY_PHASE_STRIP = NO;
				DEBUG_INFORMATION_FORMAT = dwarf;
				ENABLE_STRICT_OBJC_MSGSEND = YES;
				ENABLE_TESTABILITY = YES;
				GCC_C_LANGUAGE_STANDARD = gnu11;
				GCC_DYNAMIC_NO_PIC = NO;
				GCC_NO_COMMON_BLOCKS = YES;
				GCC_OPTIMIZATION_LEVEL = 0;
				GCC_PREPROCESSOR_DEFINITIONS = (
					"DEBUG=1",
					"$(inherited)",
				);
				GCC_WARN_64_TO_32_BIT_CONVERSION = YES;
				GCC_WARN_ABOUT_RETURN_TYPE = YES_ERROR;
				GCC_WARN_UNDECLARED_SELECTOR = YES;
				GCC_WARN_UNINITIALIZED_AUTOS = YES_AGGRESSIVE;
				GCC_WARN_UNUSED_FUNCTION = YES;
				GCC_WARN_UNUSED_VARIABLE = YES;
				IPHONEOS_DEPLOYMENT_TARGET = 15.5;
				MTL_ENABLE_DEBUG_INFO = INCLUDE_SOURCE;
				MTL_FAST_MATH = YES;
				ONLY_ACTIVE_ARCH = YES;
				SDKROOT = iphoneos;
				SWIFT_ACTIVE_COMPILATION_CONDITIONS = DEBUG;
				SWIFT_OPTIMIZATION_LEVEL = "-Onone";
			};
			name = Debug;
		};
		AF808195297275EF00563426 /* Release */ = {
			isa = XCBuildConfiguration;
			buildSettings = {
				ALWAYS_SEARCH_USER_PATHS = NO;
				CLANG_ANALYZER_NONNULL = YES;
				CLANG_ANALYZER_NUMBER_OBJECT_CONVERSION = YES_AGGRESSIVE;
				CLANG_CXX_LANGUAGE_STANDARD = "gnu++17";
				CLANG_ENABLE_MODULES = YES;
				CLANG_ENABLE_OBJC_ARC = YES;
				CLANG_ENABLE_OBJC_WEAK = YES;
				CLANG_WARN_BLOCK_CAPTURE_AUTORELEASING = YES;
				CLANG_WARN_BOOL_CONVERSION = YES;
				CLANG_WARN_COMMA = YES;
				CLANG_WARN_CONSTANT_CONVERSION = YES;
				CLANG_WARN_DEPRECATED_OBJC_IMPLEMENTATIONS = YES;
				CLANG_WARN_DIRECT_OBJC_ISA_USAGE = YES_ERROR;
				CLANG_WARN_DOCUMENTATION_COMMENTS = YES;
				CLANG_WARN_EMPTY_BODY = YES;
				CLANG_WARN_ENUM_CONVERSION = YES;
				CLANG_WARN_INFINITE_RECURSION = YES;
				CLANG_WARN_INT_CONVERSION = YES;
				CLANG_WARN_NON_LITERAL_NULL_CONVERSION = YES;
				CLANG_WARN_OBJC_IMPLICIT_RETAIN_SELF = YES;
				CLANG_WARN_OBJC_LITERAL_CONVERSION = YES;
				CLANG_WARN_OBJC_ROOT_CLASS = YES_ERROR;
				CLANG_WARN_QUOTED_INCLUDE_IN_FRAMEWORK_HEADER = YES;
				CLANG_WARN_RANGE_LOOP_ANALYSIS = YES;
				CLANG_WARN_STRICT_PROTOTYPES = YES;
				CLANG_WARN_SUSPICIOUS_MOVE = YES;
				CLANG_WARN_UNGUARDED_AVAILABILITY = YES_AGGRESSIVE;
				CLANG_WARN_UNREACHABLE_CODE = YES;
				CLANG_WARN__DUPLICATE_METHOD_MATCH = YES;
				COPY_PHASE_STRIP = NO;
				DEBUG_INFORMATION_FORMAT = "dwarf-with-dsym";
				ENABLE_NS_ASSERTIONS = NO;
				ENABLE_STRICT_OBJC_MSGSEND = YES;
				GCC_C_LANGUAGE_STANDARD = gnu11;
				GCC_NO_COMMON_BLOCKS = YES;
				GCC_WARN_64_TO_32_BIT_CONVERSION = YES;
				GCC_WARN_ABOUT_RETURN_TYPE = YES_ERROR;
				GCC_WARN_UNDECLARED_SELECTOR = YES;
				GCC_WARN_UNINITIALIZED_AUTOS = YES_AGGRESSIVE;
				GCC_WARN_UNUSED_FUNCTION = YES;
				GCC_WARN_UNUSED_VARIABLE = YES;
				IPHONEOS_DEPLOYMENT_TARGET = 15.5;
				MTL_ENABLE_DEBUG_INFO = NO;
				MTL_FAST_MATH = YES;
				SDKROOT = iphoneos;
				SWIFT_COMPILATION_MODE = wholemodule;
				SWIFT_OPTIMIZATION_LEVEL = "-O";
				VALIDATE_PRODUCT = YES;
			};
			name = Release;
		};
		AF808197297275EF00563426 /* Debug */ = {
			isa = XCBuildConfiguration;
			baseConfigurationReference = D18FD67414503FF3EB05A4DF /* Pods-ContactsDemo.debug.xcconfig */;
			buildSettings = {
				ASSETCATALOG_COMPILER_APPICON_NAME = AppIcon;
				ASSETCATALOG_COMPILER_GLOBAL_ACCENT_COLOR_NAME = AccentColor;
				CODE_SIGN_STYLE = Automatic;
				CURRENT_PROJECT_VERSION = 1;
				DEVELOPMENT_TEAM = X7DPT956Y2;
				GENERATE_INFOPLIST_FILE = YES;
				INFOPLIST_FILE = ContactsDemo/Info.plist;
				INFOPLIST_KEY_UIApplicationSupportsIndirectInputEvents = YES;
				INFOPLIST_KEY_UILaunchStoryboardName = LaunchScreen;
				INFOPLIST_KEY_UIMainStoryboardFile = Main;
				INFOPLIST_KEY_UISupportedInterfaceOrientations_iPad = "UIInterfaceOrientationPortrait UIInterfaceOrientationPortraitUpsideDown UIInterfaceOrientationLandscapeLeft UIInterfaceOrientationLandscapeRight";
				INFOPLIST_KEY_UISupportedInterfaceOrientations_iPhone = "UIInterfaceOrientationPortrait UIInterfaceOrientationLandscapeLeft UIInterfaceOrientationLandscapeRight";
				IPHONEOS_DEPLOYMENT_TARGET = 13.1;
				LD_RUNPATH_SEARCH_PATHS = (
					"$(inherited)",
					"@executable_path/Frameworks",
				);
				MARKETING_VERSION = 1.0;
				PRODUCT_BUNDLE_IDENTIFIER = com.charityfuntila.ContactsDemo;
				PRODUCT_NAME = "$(TARGET_NAME)";
				SWIFT_EMIT_LOC_STRINGS = YES;
				SWIFT_VERSION = 5.0;
				TARGETED_DEVICE_FAMILY = "1,2";
			};
			name = Debug;
		};
		AF808198297275EF00563426 /* Release */ = {
			isa = XCBuildConfiguration;
			baseConfigurationReference = 63060DC22FEAA4DB94824C82 /* Pods-ContactsDemo.release.xcconfig */;
			buildSettings = {
				ASSETCATALOG_COMPILER_APPICON_NAME = AppIcon;
				ASSETCATALOG_COMPILER_GLOBAL_ACCENT_COLOR_NAME = AccentColor;
				CODE_SIGN_STYLE = Automatic;
				CURRENT_PROJECT_VERSION = 1;
				DEVELOPMENT_TEAM = X7DPT956Y2;
				GENERATE_INFOPLIST_FILE = YES;
				INFOPLIST_FILE = ContactsDemo/Info.plist;
				INFOPLIST_KEY_UIApplicationSupportsIndirectInputEvents = YES;
				INFOPLIST_KEY_UILaunchStoryboardName = LaunchScreen;
				INFOPLIST_KEY_UIMainStoryboardFile = Main;
				INFOPLIST_KEY_UISupportedInterfaceOrientations_iPad = "UIInterfaceOrientationPortrait UIInterfaceOrientationPortraitUpsideDown UIInterfaceOrientationLandscapeLeft UIInterfaceOrientationLandscapeRight";
				INFOPLIST_KEY_UISupportedInterfaceOrientations_iPhone = "UIInterfaceOrientationPortrait UIInterfaceOrientationLandscapeLeft UIInterfaceOrientationLandscapeRight";
				IPHONEOS_DEPLOYMENT_TARGET = 13.1;
				LD_RUNPATH_SEARCH_PATHS = (
					"$(inherited)",
					"@executable_path/Frameworks",
				);
				MARKETING_VERSION = 1.0;
				PRODUCT_BUNDLE_IDENTIFIER = com.charityfuntila.ContactsDemo;
				PRODUCT_NAME = "$(TARGET_NAME)";
				SWIFT_EMIT_LOC_STRINGS = YES;
				SWIFT_VERSION = 5.0;
				TARGETED_DEVICE_FAMILY = "1,2";
			};
			name = Release;
		};
		AF80819A297275EF00563426 /* Debug */ = {
			isa = XCBuildConfiguration;
			buildSettings = {
				ALWAYS_EMBED_SWIFT_STANDARD_LIBRARIES = YES;
				BUNDLE_LOADER = "$(TEST_HOST)";
				CODE_SIGN_STYLE = Automatic;
				CURRENT_PROJECT_VERSION = 1;
				DEVELOPMENT_TEAM = X7DPT956Y2;
				GENERATE_INFOPLIST_FILE = YES;
				IPHONEOS_DEPLOYMENT_TARGET = 15.5;
				MARKETING_VERSION = 1.0;
				PRODUCT_BUNDLE_IDENTIFIER = com.charityfuntila.ContactsDemoTests;
				PRODUCT_NAME = "$(TARGET_NAME)";
				SWIFT_EMIT_LOC_STRINGS = NO;
				SWIFT_VERSION = 5.0;
				TARGETED_DEVICE_FAMILY = "1,2";
				TEST_HOST = "$(BUILT_PRODUCTS_DIR)/ContactsDemo.app/ContactsDemo";
			};
			name = Debug;
		};
		AF80819B297275EF00563426 /* Release */ = {
			isa = XCBuildConfiguration;
			buildSettings = {
				ALWAYS_EMBED_SWIFT_STANDARD_LIBRARIES = YES;
				BUNDLE_LOADER = "$(TEST_HOST)";
				CODE_SIGN_STYLE = Automatic;
				CURRENT_PROJECT_VERSION = 1;
				DEVELOPMENT_TEAM = X7DPT956Y2;
				GENERATE_INFOPLIST_FILE = YES;
				IPHONEOS_DEPLOYMENT_TARGET = 15.5;
				MARKETING_VERSION = 1.0;
				PRODUCT_BUNDLE_IDENTIFIER = com.charityfuntila.ContactsDemoTests;
				PRODUCT_NAME = "$(TARGET_NAME)";
				SWIFT_EMIT_LOC_STRINGS = NO;
				SWIFT_VERSION = 5.0;
				TARGETED_DEVICE_FAMILY = "1,2";
				TEST_HOST = "$(BUILT_PRODUCTS_DIR)/ContactsDemo.app/ContactsDemo";
			};
			name = Release;
		};
		AF80819D297275EF00563426 /* Debug */ = {
			isa = XCBuildConfiguration;
			buildSettings = {
				ALWAYS_EMBED_SWIFT_STANDARD_LIBRARIES = YES;
				CODE_SIGN_STYLE = Automatic;
				CURRENT_PROJECT_VERSION = 1;
				DEVELOPMENT_TEAM = X7DPT956Y2;
				GENERATE_INFOPLIST_FILE = YES;
				MARKETING_VERSION = 1.0;
				PRODUCT_BUNDLE_IDENTIFIER = com.charityfuntila.ContactsDemoUITests;
				PRODUCT_NAME = "$(TARGET_NAME)";
				SWIFT_EMIT_LOC_STRINGS = NO;
				SWIFT_VERSION = 5.0;
				TARGETED_DEVICE_FAMILY = "1,2";
				TEST_TARGET_NAME = ContactsDemo;
			};
			name = Debug;
		};
		AF80819E297275EF00563426 /* Release */ = {
			isa = XCBuildConfiguration;
			buildSettings = {
				ALWAYS_EMBED_SWIFT_STANDARD_LIBRARIES = YES;
				CODE_SIGN_STYLE = Automatic;
				CURRENT_PROJECT_VERSION = 1;
				DEVELOPMENT_TEAM = X7DPT956Y2;
				GENERATE_INFOPLIST_FILE = YES;
				MARKETING_VERSION = 1.0;
				PRODUCT_BUNDLE_IDENTIFIER = com.charityfuntila.ContactsDemoUITests;
				PRODUCT_NAME = "$(TARGET_NAME)";
				SWIFT_EMIT_LOC_STRINGS = NO;
				SWIFT_VERSION = 5.0;
				TARGETED_DEVICE_FAMILY = "1,2";
				TEST_TARGET_NAME = ContactsDemo;
			};
			name = Release;
		};
/* End XCBuildConfiguration section */

/* Begin XCConfigurationList section */
		AF808167297275EE00563426 /* Build configuration list for PBXProject "ContactsDemo" */ = {
			isa = XCConfigurationList;
			buildConfigurations = (
				AF808194297275EF00563426 /* Debug */,
				AF808195297275EF00563426 /* Release */,
			);
			defaultConfigurationIsVisible = 0;
			defaultConfigurationName = Release;
		};
		AF808196297275EF00563426 /* Build configuration list for PBXNativeTarget "ContactsDemo" */ = {
			isa = XCConfigurationList;
			buildConfigurations = (
				AF808197297275EF00563426 /* Debug */,
				AF808198297275EF00563426 /* Release */,
			);
			defaultConfigurationIsVisible = 0;
			defaultConfigurationName = Release;
		};
		AF808199297275EF00563426 /* Build configuration list for PBXNativeTarget "ContactsDemoTests" */ = {
			isa = XCConfigurationList;
			buildConfigurations = (
				AF80819A297275EF00563426 /* Debug */,
				AF80819B297275EF00563426 /* Release */,
			);
			defaultConfigurationIsVisible = 0;
			defaultConfigurationName = Release;
		};
		AF80819C297275EF00563426 /* Build configuration list for PBXNativeTarget "ContactsDemoUITests" */ = {
			isa = XCConfigurationList;
			buildConfigurations = (
				AF80819D297275EF00563426 /* Debug */,
				AF80819E297275EF00563426 /* Release */,
			);
			defaultConfigurationIsVisible = 0;
			defaultConfigurationName = Release;
		};
/* End XCConfigurationList section */

/* Begin XCVersionGroup section */
		AF8081AA29747FAC00563426 /* DataModel.xcdatamodeld */ = {
			isa = XCVersionGroup;
			children = (
				AF8081AB29747FAC00563426 /* DataModel.xcdatamodel */,
			);
			currentVersion = AF8081AB29747FAC00563426 /* DataModel.xcdatamodel */;
			path = DataModel.xcdatamodeld;
			sourceTree = "<group>";
			versionGroupType = wrapper.xcdatamodel;
		};
/* End XCVersionGroup section */
	};
	rootObject = AF808164297275EE00563426 /* Project object */;
}
